
Microsoft Visual Studio Solution File, Format Version 12.00
# Visual Studio 15
VisualStudioVersion = 15.0.28307.168
MinimumVisualStudioVersion = 10.0.40219.1
Project("{FAE04EC0-301F-11D3-BF4B-00C04F79EFBC}") = "Async", "Async.csproj", "{CE22FC8B-AD21-4657-ABA4-C726BF055D34}"
EndProject
Global
	GlobalSection(SolutionConfigurationPlatforms) = preSolution
		Debug|Any CPU = Debug|Any CPU
		Release|Any CPU = Release|Any CPU
	EndGlobalSection
	GlobalSection(ProjectConfigurationPlatforms) = postSolution
		{CE22FC8B-AD21-4657-ABA4-C726BF055D34}.Debug|Any CPU.ActiveCfg = Debug|Any CPU
		{CE22FC8B-AD21-4657-ABA4-C726BF055D34}.Debug|Any CPU.Build.0 = Debug|Any CPU
		{CE22FC8B-AD21-4657-ABA4-C726BF055D34}.Release|Any CPU.ActiveCfg = Release|Any CPU
		{CE22FC8B-AD21-4657-ABA4-C726BF055D34}.Release|Any CPU.Build.0 = Release|Any CPU
	EndGlobalSection
	GlobalSection(SolutionProperties) = preSolution
		HideSolutionNode = FALSE
	EndGlobalSection
	GlobalSection(ExtensibilityGlobals) = postSolution
		SolutionGuid = {DA6939FC-DC3C-4D1E-A11B-1506FC9941D4}
	EndGlobalSection
EndGlobal
