
Microsoft Visual Studio Solution File, Format Version 12.00
# Visual Studio 2012
Project("{FAE04EC0-301F-11D3-BF4B-00C04F79EFBC}") = "PNToText", "PNToText.csproj", "{DA51C829-3C25-4270-B630-018C3618F3F1}"
EndProject
Project("{FAE04EC0-301F-11D3-BF4B-00C04F79EFBC}") = "TNT.Utilities", "Externals\TNT.Utilities\TNT.Utilities.csproj", "{026B1998-3B54-4964-B172-DD4DDADC3D3D}"
EndProject
Global
	GlobalSection(SolutionConfigurationPlatforms) = preSolution
		Debug (PALETTE_PROPERTIES)|Any CPU = Debug (PALETTE_PROPERTIES)|Any CPU
		Debug|Any CPU = Debug|Any CPU
		Release|Any CPU = Release|Any CPU
	EndGlobalSection
	GlobalSection(ProjectConfigurationPlatforms) = postSolution
		{DA51C829-3C25-4270-B630-018C3618F3F1}.Debug (PALETTE_PROPERTIES)|Any CPU.ActiveCfg = Debug|Any CPU
		{DA51C829-3C25-4270-B630-018C3618F3F1}.Debug (PALETTE_PROPERTIES)|Any CPU.Build.0 = Debug|Any CPU
		{DA51C829-3C25-4270-B630-018C3618F3F1}.Debug|Any CPU.ActiveCfg = Debug|Any CPU
		{DA51C829-3C25-4270-B630-018C3618F3F1}.Debug|Any CPU.Build.0 = Debug|Any CPU
		{DA51C829-3C25-4270-B630-018C3618F3F1}.Release|Any CPU.ActiveCfg = Release|Any CPU
		{DA51C829-3C25-4270-B630-018C3618F3F1}.Release|Any CPU.Build.0 = Release|Any CPU
		{026B1998-3B54-4964-B172-DD4DDADC3D3D}.Debug (PALETTE_PROPERTIES)|Any CPU.ActiveCfg = Debug (PALETTE_PROPERTIES)|Any CPU
		{026B1998-3B54-4964-B172-DD4DDADC3D3D}.Debug (PALETTE_PROPERTIES)|Any CPU.Build.0 = Debug (PALETTE_PROPERTIES)|Any CPU
		{026B1998-3B54-4964-B172-DD4DDADC3D3D}.Debug|Any CPU.ActiveCfg = Debug|Any CPU
		{026B1998-3B54-4964-B172-DD4DDADC3D3D}.Debug|Any CPU.Build.0 = Debug|Any CPU
		{026B1998-3B54-4964-B172-DD4DDADC3D3D}.Release|Any CPU.ActiveCfg = Release|Any CPU
		{026B1998-3B54-4964-B172-DD4DDADC3D3D}.Release|Any CPU.Build.0 = Release|Any CPU
	EndGlobalSection
	GlobalSection(SolutionProperties) = preSolution
		HideSolutionNode = FALSE
	EndGlobalSection
EndGlobal
