
Microsoft Visual Studio Solution File, Format Version 12.00
# Visual Studio 2012
Project("{FAE04EC0-301F-11D3-BF4B-00C04F79EFBC}") = "TNT.Updater", "TNT.Updater\TNT.Updater.csproj", "{98F0CC52-4992-42CE-B860-14FDEF7B6671}"
EndProject
Project("{FAE04EC0-301F-11D3-BF4B-00C04F79EFBC}") = "TNT.Configuration", "TNT.Configuration\TNT.Configuration.csproj", "{C8B4D9D5-25B9-47B9-B79B-EB4DCBC075C0}"
EndProject
Project("{FAE04EC0-301F-11D3-BF4B-00C04F79EFBC}") = "TNT.Utilities", "TNT.Utilities\TNT.Utilities.csproj", "{026B1998-3B54-4964-B172-DD4DDADC3D3D}"
EndProject
Project("{FAE04EC0-301F-11D3-BF4B-00C04F79EFBC}") = "Test", "Test\Test.csproj", "{969C1674-443B-432E-93BF-43145D36E7DD}"
EndProject
Project("{FAE04EC0-301F-11D3-BF4B-00C04F79EFBC}") = "Install", "Install\Install.csproj", "{7732F144-B35A-4FC9-AF9C-E9B8976B8BC1}"
EndProject
Global
	GlobalSection(SolutionConfigurationPlatforms) = preSolution
		Debug (PALETTE_PROPERTIES)|Any CPU = Debug (PALETTE_PROPERTIES)|Any CPU
		Debug|Any CPU = Debug|Any CPU
		Release|Any CPU = Release|Any CPU
	EndGlobalSection
	GlobalSection(ProjectConfigurationPlatforms) = postSolution
		{98F0CC52-4992-42CE-B860-14FDEF7B6671}.Debug (PALETTE_PROPERTIES)|Any CPU.ActiveCfg = Debug|Any CPU
		{98F0CC52-4992-42CE-B860-14FDEF7B6671}.Debug (PALETTE_PROPERTIES)|Any CPU.Build.0 = Debug|Any CPU
		{98F0CC52-4992-42CE-B860-14FDEF7B6671}.Debug|Any CPU.ActiveCfg = Debug|Any CPU
		{98F0CC52-4992-42CE-B860-14FDEF7B6671}.Debug|Any CPU.Build.0 = Debug|Any CPU
		{98F0CC52-4992-42CE-B860-14FDEF7B6671}.Release|Any CPU.ActiveCfg = Release|Any CPU
		{98F0CC52-4992-42CE-B860-14FDEF7B6671}.Release|Any CPU.Build.0 = Release|Any CPU
		{C8B4D9D5-25B9-47B9-B79B-EB4DCBC075C0}.Debug (PALETTE_PROPERTIES)|Any CPU.ActiveCfg = Debug|Any CPU
		{C8B4D9D5-25B9-47B9-B79B-EB4DCBC075C0}.Debug (PALETTE_PROPERTIES)|Any CPU.Build.0 = Debug|Any CPU
		{C8B4D9D5-25B9-47B9-B79B-EB4DCBC075C0}.Debug|Any CPU.ActiveCfg = Debug|Any CPU
		{C8B4D9D5-25B9-47B9-B79B-EB4DCBC075C0}.Debug|Any CPU.Build.0 = Debug|Any CPU
		{C8B4D9D5-25B9-47B9-B79B-EB4DCBC075C0}.Release|Any CPU.ActiveCfg = Release|Any CPU
		{C8B4D9D5-25B9-47B9-B79B-EB4DCBC075C0}.Release|Any CPU.Build.0 = Release|Any CPU
		{026B1998-3B54-4964-B172-DD4DDADC3D3D}.Debug (PALETTE_PROPERTIES)|Any CPU.ActiveCfg = Debug (PALETTE_PROPERTIES)|Any CPU
		{026B1998-3B54-4964-B172-DD4DDADC3D3D}.Debug (PALETTE_PROPERTIES)|Any CPU.Build.0 = Debug (PALETTE_PROPERTIES)|Any CPU
		{026B1998-3B54-4964-B172-DD4DDADC3D3D}.Debug|Any CPU.ActiveCfg = Debug|Any CPU
		{026B1998-3B54-4964-B172-DD4DDADC3D3D}.Debug|Any CPU.Build.0 = Debug|Any CPU
		{026B1998-3B54-4964-B172-DD4DDADC3D3D}.Release|Any CPU.ActiveCfg = Release|Any CPU
		{026B1998-3B54-4964-B172-DD4DDADC3D3D}.Release|Any CPU.Build.0 = Release|Any CPU
		{969C1674-443B-432E-93BF-43145D36E7DD}.Debug (PALETTE_PROPERTIES)|Any CPU.ActiveCfg = Debug|Any CPU
		{969C1674-443B-432E-93BF-43145D36E7DD}.Debug (PALETTE_PROPERTIES)|Any CPU.Build.0 = Debug|Any CPU
		{969C1674-443B-432E-93BF-43145D36E7DD}.Debug|Any CPU.ActiveCfg = Debug|Any CPU
		{969C1674-443B-432E-93BF-43145D36E7DD}.Debug|Any CPU.Build.0 = Debug|Any CPU
		{969C1674-443B-432E-93BF-43145D36E7DD}.Release|Any CPU.ActiveCfg = Release|Any CPU
		{969C1674-443B-432E-93BF-43145D36E7DD}.Release|Any CPU.Build.0 = Release|Any CPU
		{7732F144-B35A-4FC9-AF9C-E9B8976B8BC1}.Debug (PALETTE_PROPERTIES)|Any CPU.ActiveCfg = Debug|Any CPU
		{7732F144-B35A-4FC9-AF9C-E9B8976B8BC1}.Debug (PALETTE_PROPERTIES)|Any CPU.Build.0 = Debug|Any CPU
		{7732F144-B35A-4FC9-AF9C-E9B8976B8BC1}.Debug|Any CPU.ActiveCfg = Debug|Any CPU
		{7732F144-B35A-4FC9-AF9C-E9B8976B8BC1}.Debug|Any CPU.Build.0 = Debug|Any CPU
		{7732F144-B35A-4FC9-AF9C-E9B8976B8BC1}.Release|Any CPU.ActiveCfg = Release|Any CPU
		{7732F144-B35A-4FC9-AF9C-E9B8976B8BC1}.Release|Any CPU.Build.0 = Release|Any CPU
	EndGlobalSection
	GlobalSection(SolutionProperties) = preSolution
		HideSolutionNode = FALSE
	EndGlobalSection
EndGlobal
