
Microsoft Visual Studio Solution File, Format Version 12.00
# Visual Studio Version 17
VisualStudioVersion = 17.9.34728.123
MinimumVisualStudioVersion = 10.0.40219.1
Project("{FAE04EC0-301F-11D3-BF4B-00C04F79EFBC}") = "ConfigurationBuilderSample", "ConfigurationBuilderSample.csproj", "{05031BC9-1E8A-47C3-8C48-02B5691D4361}"
EndProject
Global
	GlobalSection(SolutionConfigurationPlatforms) = preSolution
		Debug|Any CPU = Debug|Any CPU
		Release|Any CPU = Release|Any CPU
	EndGlobalSection
	GlobalSection(ProjectConfigurationPlatforms) = postSolution
		{05031BC9-1E8A-47C3-8C48-02B5691D4361}.Debug|Any CPU.ActiveCfg = Debug|Any CPU
		{05031BC9-1E8A-47C3-8C48-02B5691D4361}.Debug|Any CPU.Build.0 = Debug|Any CPU
		{05031BC9-1E8A-47C3-8C48-02B5691D4361}.Release|Any CPU.ActiveCfg = Release|Any CPU
		{05031BC9-1E8A-47C3-8C48-02B5691D4361}.Release|Any CPU.Build.0 = Release|Any CPU
	EndGlobalSection
	GlobalSection(SolutionProperties) = preSolution
		HideSolutionNode = FALSE
	EndGlobalSection
	GlobalSection(ExtensibilityGlobals) = postSolution
		SolutionGuid = {D8646B9F-EE5D-4B95-8434-31B435BE18C6}
	EndGlobalSection
EndGlobal
