
Microsoft Visual Studio Solution File, Format Version 12.00
# Visual Studio 15
VisualStudioVersion = 15.0.28307.421
MinimumVisualStudioVersion = 10.0.40219.1
Project("{FAE04EC0-301F-11D3-BF4B-00C04F79EFBC}") = "FontPreviewer", "FontPreviewer.csproj", "{9F74CA44-5B05-4247-AD9C-7C9F6B126287}"
EndProject
Global
	GlobalSection(SolutionConfigurationPlatforms) = preSolution
		Debug|Any CPU = Debug|Any CPU
		Release|Any CPU = Release|Any CPU
	EndGlobalSection
	GlobalSection(ProjectConfigurationPlatforms) = postSolution
		{9F74CA44-5B05-4247-AD9C-7C9F6B126287}.Debug|Any CPU.ActiveCfg = Debug|Any CPU
		{9F74CA44-5B05-4247-AD9C-7C9F6B126287}.Debug|Any CPU.Build.0 = Debug|Any CPU
		{9F74CA44-5B05-4247-AD9C-7C9F6B126287}.Release|Any CPU.ActiveCfg = Release|Any CPU
		{9F74CA44-5B05-4247-AD9C-7C9F6B126287}.Release|Any CPU.Build.0 = Release|Any CPU
	EndGlobalSection
	GlobalSection(SolutionProperties) = preSolution
		HideSolutionNode = FALSE
	EndGlobalSection
	GlobalSection(ExtensibilityGlobals) = postSolution
		SolutionGuid = {60C6ED8B-AB46-40FD-A570-F6D3F7F67506}
	EndGlobalSection
EndGlobal
