
Microsoft Visual Studio Solution File, Format Version 12.00
# Visual Studio Version 16
VisualStudioVersion = 16.0.30413.136
MinimumVisualStudioVersion = 10.0.40219.1
Project("{FAE04EC0-301F-11D3-BF4B-00C04F79EFBC}") = "CenteredDrawing", "CenteredDrawing.csproj", "{F11C09F3-224A-4F79-A57D-6DA8C139D6BE}"
EndProject
Project("{FAE04EC0-301F-11D3-BF4B-00C04F79EFBC}") = "TNTDrawing", "TNTDrawing\TNTDrawing.csproj", "{AC49554D-BFC4-40BA-8A7B-B8DEDEDB63F5}"
EndProject
Global
	GlobalSection(SolutionConfigurationPlatforms) = preSolution
		Debug|Any CPU = Debug|Any CPU
		Release|Any CPU = Release|Any CPU
	EndGlobalSection
	GlobalSection(ProjectConfigurationPlatforms) = postSolution
		{F11C09F3-224A-4F79-A57D-6DA8C139D6BE}.Debug|Any CPU.ActiveCfg = Debug|Any CPU
		{F11C09F3-224A-4F79-A57D-6DA8C139D6BE}.Debug|Any CPU.Build.0 = Debug|Any CPU
		{F11C09F3-224A-4F79-A57D-6DA8C139D6BE}.Release|Any CPU.ActiveCfg = Release|Any CPU
		{F11C09F3-224A-4F79-A57D-6DA8C139D6BE}.Release|Any CPU.Build.0 = Release|Any CPU
		{AC49554D-BFC4-40BA-8A7B-B8DEDEDB63F5}.Debug|Any CPU.ActiveCfg = Debug|Any CPU
		{AC49554D-BFC4-40BA-8A7B-B8DEDEDB63F5}.Debug|Any CPU.Build.0 = Debug|Any CPU
		{AC49554D-BFC4-40BA-8A7B-B8DEDEDB63F5}.Release|Any CPU.ActiveCfg = Release|Any CPU
		{AC49554D-BFC4-40BA-8A7B-B8DEDEDB63F5}.Release|Any CPU.Build.0 = Release|Any CPU
	EndGlobalSection
	GlobalSection(SolutionProperties) = preSolution
		HideSolutionNode = FALSE
	EndGlobalSection
	GlobalSection(ExtensibilityGlobals) = postSolution
		SolutionGuid = {DF213BE5-A34C-4379-8BC8-C40AFA525AA4}
	EndGlobalSection
EndGlobal
